// !$*UTF8*$!
{
	archiveVersion = 1;
	classes = {
	};
	objectVersion = 55;
	objects = {

/* Begin PBXBuildFile section */
		FE55061B2738F981006B523E /* AppDelegate.swift in Sources */ = {isa = PBXBuildFile; fileRef = FE55061A2738F981006B523E /* AppDelegate.swift */; };
		FE55061D2738F981006B523E /* SceneDelegate.swift in Sources */ = {isa = PBXBuildFile; fileRef = FE55061C2738F981006B523E /* SceneDelegate.swift */; };
		FE55061F2738F981006B523E /* ViewController.swift in Sources */ = {isa = PBXBuildFile; fileRef = FE55061E2738F981006B523E /* ViewController.swift */; };
		FE5506222738F981006B523E /* Main.storyboard in Resources */ = {isa = PBXBuildFile; fileRef = FE5506202738F981006B523E /* Main.storyboard */; };
		FE5506242738F983006B523E /* Assets.xcassets in Resources */ = {isa = PBXBuildFile; fileRef = FE5506232738F983006B523E /* Assets.xcassets */; };
		FE5506272738F983006B523E /* LaunchScreen.storyboard in Resources */ = {isa = PBXBuildFile; fileRef = FE5506252738F983006B523E /* LaunchScreen.storyboard */; };
		FE55062F2738FD7E006B523E /* Content.storyboard in Resources */ = {isa = PBXBuildFile; fileRef = FE55062E2738FD7D006B523E /* Content.storyboard */; };
		FE5506312738FE25006B523E /* MainViewController.swift in Sources */ = {isa = PBXBuildFile; fileRef = FE5506302738FE25006B523E /* MainViewController.swift */; };
		FE550638273909BC006B523E /* MainTableViewCell.swift in Sources */ = {isa = PBXBuildFile; fileRef = FE550636273909BC006B523E /* MainTableViewCell.swift */; };
		FE550639273909BC006B523E /* MainTableViewCell.xib in Resources */ = {isa = PBXBuildFile; fileRef = FE550637273909BC006B523E /* MainTableViewCell.xib */; };
		FE55063B273A43DB006B523E /* ContentViewController.swift in Sources */ = {isa = PBXBuildFile; fileRef = FE55063A273A43DB006B523E /* ContentViewController.swift */; };
		FE55063E273A5CFD006B523E /* RealmModel.swift in Sources */ = {isa = PBXBuildFile; fileRef = FE55063D273A5CFD006B523E /* RealmModel.swift */; };
		FE550641273A5D52006B523E /* Realm in Frameworks */ = {isa = PBXBuildFile; productRef = FE550640273A5D52006B523E /* Realm */; };
		FE550643273A5D52006B523E /* RealmSwift in Frameworks */ = {isa = PBXBuildFile; productRef = FE550642273A5D52006B523E /* RealmSwift */; };
		FECA367F273E3F8100C01FF8 /* NewbieViewController.swift in Sources */ = {isa = PBXBuildFile; fileRef = FECA367E273E3F8100C01FF8 /* NewbieViewController.swift */; };
/* End PBXBuildFile section */

/* Begin PBXFileReference section */
		FE5506172738F981006B523E /* MemoApp.app */ = {isa = PBXFileReference; explicitFileType = wrapper.application; includeInIndex = 0; path = MemoApp.app; sourceTree = BUILT_PRODUCTS_DIR; };
		FE55061A2738F981006B523E /* AppDelegate.swift */ = {isa = PBXFileReference; lastKnownFileType = sourcecode.swift; path = AppDelegate.swift; sourceTree = "<group>"; };
		FE55061C2738F981006B523E /* SceneDelegate.swift */ = {isa = PBXFileReference; lastKnownFileType = sourcecode.swift; path = SceneDelegate.swift; sourceTree = "<group>"; };
		FE55061E2738F981006B523E /* ViewController.swift */ = {isa = PBXFileReference; lastKnownFileType = sourcecode.swift; path = ViewController.swift; sourceTree = "<group>"; };
		FE5506212738F981006B523E /* Base */ = {isa = PBXFileReference; lastKnownFileType = file.storyboard; name = Base; path = Base.lproj/Main.storyboard; sourceTree = "<group>"; };
		FE5506232738F983006B523E /* Assets.xcassets */ = {isa = PBXFileReference; lastKnownFileType = folder.assetcatalog; path = Assets.xcassets; sourceTree = "<group>"; };
		FE5506262738F983006B523E /* Base */ = {isa = PBXFileReference; lastKnownFileType = file.storyboard; name = Base; path = Base.lproj/LaunchScreen.storyboard; sourceTree = "<group>"; };
		FE5506282738F983006B523E /* Info.plist */ = {isa = PBXFileReference; lastKnownFileType = text.plist.xml; path = Info.plist; sourceTree = "<group>"; };
		FE55062E2738FD7D006B523E /* Content.storyboard */ = {isa = PBXFileReference; lastKnownFileType = file.storyboard; path = Content.storyboard; sourceTree = "<group>"; };
		FE5506302738FE25006B523E /* MainViewController.swift */ = {isa = PBXFileReference; lastKnownFileType = sourcecode.swift; path = MainViewController.swift; sourceTree = "<group>"; };
		FE550636273909BC006B523E /* MainTableViewCell.swift */ = {isa = PBXFileReference; lastKnownFileType = sourcecode.swift; path = MainTableViewCell.swift; sourceTree = "<group>"; };
		FE550637273909BC006B523E /* MainTableViewCell.xib */ = {isa = PBXFileReference; lastKnownFileType = file.xib; path = MainTableViewCell.xib; sourceTree = "<group>"; };
		FE55063A273A43DB006B523E /* ContentViewController.swift */ = {isa = PBXFileReference; lastKnownFileType = sourcecode.swift; path = ContentViewController.swift; sourceTree = "<group>"; };
		FE55063D273A5CFD006B523E /* RealmModel.swift */ = {isa = PBXFileReference; lastKnownFileType = sourcecode.swift; path = RealmModel.swift; sourceTree = "<group>"; };
		FECA367E273E3F8100C01FF8 /* NewbieViewController.swift */ = {isa = PBXFileReference; lastKnownFileType = sourcecode.swift; path = NewbieViewController.swift; sourceTree = "<group>"; };
/* End PBXFileReference section */

/* Begin PBXFrameworksBuildPhase section */
		FE5506142738F981006B523E /* Frameworks */ = {
			isa = PBXFrameworksBuildPhase;
			buildActionMask = 2147483647;
			files = (
				FE550643273A5D52006B523E /* RealmSwift in Frameworks */,
				FE550641273A5D52006B523E /* Realm in Frameworks */,
			);
			runOnlyForDeploymentPostprocessing = 0;
		};
/* End PBXFrameworksBuildPhase section */

/* Begin PBXGroup section */
		FE55060E2738F981006B523E = {
			isa = PBXGroup;
			children = (
				FE5506192738F981006B523E /* MemoApp */,
				FE5506182738F981006B523E /* Products */,
			);
			sourceTree = "<group>";
		};
		FE5506182738F981006B523E /* Products */ = {
			isa = PBXGroup;
			children = (
				FE5506172738F981006B523E /* MemoApp.app */,
			);
			name = Products;
			sourceTree = "<group>";
		};
		FE5506192738F981006B523E /* MemoApp */ = {
			isa = PBXGroup;
			children = (
				FE55063C273A5C6A006B523E /* Realm */,
				FE55061A2738F981006B523E /* AppDelegate.swift */,
				FE55061C2738F981006B523E /* SceneDelegate.swift */,
				FE55061E2738F981006B523E /* ViewController.swift */,
				FE5506202738F981006B523E /* Main.storyboard */,
				FECA367E273E3F8100C01FF8 /* NewbieViewController.swift */,
				FE5506302738FE25006B523E /* MainViewController.swift */,
				FE550636273909BC006B523E /* MainTableViewCell.swift */,
				FE550637273909BC006B523E /* MainTableViewCell.xib */,
				FE55062E2738FD7D006B523E /* Content.storyboard */,
				FE55063A273A43DB006B523E /* ContentViewController.swift */,
				FE5506232738F983006B523E /* Assets.xcassets */,
				FE5506252738F983006B523E /* LaunchScreen.storyboard */,
				FE5506282738F983006B523E /* Info.plist */,
			);
			path = MemoApp;
			sourceTree = "<group>";
		};
		FE55063C273A5C6A006B523E /* Realm */ = {
			isa = PBXGroup;
			children = (
				FE55063D273A5CFD006B523E /* RealmModel.swift */,
			);
			path = Realm;
			sourceTree = "<group>";
		};
/* End PBXGroup section */

/* Begin PBXNativeTarget section */
		FE5506162738F981006B523E /* MemoApp */ = {
			isa = PBXNativeTarget;
			buildConfigurationList = FE55062B2738F983006B523E /* Build configuration list for PBXNativeTarget "MemoApp" */;
			buildPhases = (
				FE5506132738F981006B523E /* Sources */,
				FE5506142738F981006B523E /* Frameworks */,
				FE5506152738F981006B523E /* Resources */,
			);
			buildRules = (
			);
			dependencies = (
			);
			name = MemoApp;
			packageProductDependencies = (
				FE550640273A5D52006B523E /* Realm */,
				FE550642273A5D52006B523E /* RealmSwift */,
			);
			productName = MemoApp;
			productReference = FE5506172738F981006B523E /* MemoApp.app */;
			productType = "com.apple.product-type.application";
		};
/* End PBXNativeTarget section */

/* Begin PBXProject section */
		FE55060F2738F981006B523E /* Project object */ = {
			isa = PBXProject;
			attributes = {
				BuildIndependentTargetsInParallel = 1;
				LastSwiftUpdateCheck = 1310;
				LastUpgradeCheck = 1310;
				TargetAttributes = {
					FE5506162738F981006B523E = {
						CreatedOnToolsVersion = 13.1;
					};
				};
			};
			buildConfigurationList = FE5506122738F981006B523E /* Build configuration list for PBXProject "MemoApp" */;
			compatibilityVersion = "Xcode 13.0";
			developmentRegion = en;
			hasScannedForEncodings = 0;
			knownRegions = (
				en,
				Base,
			);
			mainGroup = FE55060E2738F981006B523E;
			packageReferences = (
				FE55063F273A5D52006B523E /* XCRemoteSwiftPackageReference "realm-cocoa" */,
			);
			productRefGroup = FE5506182738F981006B523E /* Products */;
			projectDirPath = "";
			projectRoot = "";
			targets = (
				FE5506162738F981006B523E /* MemoApp */,
			);
		};
/* End PBXProject section */

/* Begin PBXResourcesBuildPhase section */
		FE5506152738F981006B523E /* Resources */ = {
			isa = PBXResourcesBuildPhase;
			buildActionMask = 2147483647;
			files = (
				FE55062F2738FD7E006B523E /* Content.storyboard in Resources */,
				FE5506272738F983006B523E /* LaunchScreen.storyboard in Resources */,
				FE5506242738F983006B523E /* Assets.xcassets in Resources */,
				FE5506222738F981006B523E /* Main.storyboard in Resources */,
				FE550639273909BC006B523E /* MainTableViewCell.xib in Resources */,
			);
			runOnlyForDeploymentPostprocessing = 0;
		};
/* End PBXResourcesBuildPhase section */

/* Begin PBXSourcesBuildPhase section */
		FE5506132738F981006B523E /* Sources */ = {
			isa = PBXSourcesBuildPhase;
			buildActionMask = 2147483647;
			files = (
				FE55061F2738F981006B523E /* ViewController.swift in Sources */,
				FE55063E273A5CFD006B523E /* RealmModel.swift in Sources */,
				FE55061B2738F981006B523E /* AppDelegate.swift in Sources */,
				FE55061D2738F981006B523E /* SceneDelegate.swift in Sources */,
				FE5506312738FE25006B523E /* MainViewController.swift in Sources */,
				FE55063B273A43DB006B523E /* ContentViewController.swift in Sources */,
				FECA367F273E3F8100C01FF8 /* NewbieViewController.swift in Sources */,
				FE550638273909BC006B523E /* MainTableViewCell.swift in Sources */,
			);
			runOnlyForDeploymentPostprocessing = 0;
		};
/* End PBXSourcesBuildPhase section */

/* Begin PBXVariantGroup section */
		FE5506202738F981006B523E /* Main.storyboard */ = {
			isa = PBXVariantGroup;
			children = (
				FE5506212738F981006B523E /* Base */,
			);
			name = Main.storyboard;
			sourceTree = "<group>";
		};
		FE5506252738F983006B523E /* LaunchScreen.storyboard */ = {
			isa = PBXVariantGroup;
			children = (
				FE5506262738F983006B523E /* Base */,
			);
			name = LaunchScreen.storyboard;
			sourceTree = "<group>";
		};
/* End PBXVariantGroup section */

/* Begin XCBuildConfiguration section */
		FE5506292738F983006B523E /* Debug */ = {
			isa = XCBuildConfiguration;
			buildSettings = {
				ALWAYS_SEARCH_USER_PATHS = NO;
				CLANG_ANALYZER_NONNULL = YES;
				CLANG_ANALYZER_NUMBER_OBJECT_CONVERSION = YES_AGGRESSIVE;
				CLANG_CXX_LANGUAGE_STANDARD = "gnu++17";
				CLANG_CXX_LIBRARY = "libc++";
				CLANG_ENABLE_MODULES = YES;
				CLANG_ENABLE_OBJC_ARC = YES;
				CLANG_ENABLE_OBJC_WEAK = YES;
				CLANG_WARN_BLOCK_CAPTURE_AUTORELEASING = YES;
				CLANG_WARN_BOOL_CONVERSION = YES;
				CLANG_WARN_COMMA = YES;
				CLANG_WARN_CONSTANT_CONVERSION = YES;
				CLANG_WARN_DEPRECATED_OBJC_IMPLEMENTATIONS = YES;
				CLANG_WARN_DIRECT_OBJC_ISA_USAGE = YES_ERROR;
				CLANG_WARN_DOCUMENTATION_COMMENTS = YES;
				CLANG_WARN_EMPTY_BODY = YES;
				CLANG_WARN_ENUM_CONVERSION = YES;
				CLANG_WARN_INFINITE_RECURSION = YES;
				CLANG_WARN_INT_CONVERSION = YES;
				CLANG_WARN_NON_LITERAL_NULL_CONVERSION = YES;
				CLANG_WARN_OBJC_IMPLICIT_RETAIN_SELF = YES;
				CLANG_WARN_OBJC_LITERAL_CONVERSION = YES;
				CLANG_WARN_OBJC_ROOT_CLASS = YES_ERROR;
				CLANG_WARN_QUOTED_INCLUDE_IN_FRAMEWORK_HEADER = YES;
				CLANG_WARN_RANGE_LOOP_ANALYSIS = YES;
				CLANG_WARN_STRICT_PROTOTYPES = YES;
				CLANG_WARN_SUSPICIOUS_MOVE = YES;
				CLANG_WARN_UNGUARDED_AVAILABILITY = YES_AGGRESSIVE;
				CLANG_WARN_UNREACHABLE_CODE = YES;
				CLANG_WARN__DUPLICATE_METHOD_MATCH = YES;
				COPY_PHASE_STRIP = NO;
				DEBUG_INFORMATION_FORMAT = dwarf;
				ENABLE_STRICT_OBJC_MSGSEND = YES;
				ENABLE_TESTABILITY = YES;
				GCC_C_LANGUAGE_STANDARD = gnu11;
				GCC_DYNAMIC_NO_PIC = NO;
				GCC_NO_COMMON_BLOCKS = YES;
				GCC_OPTIMIZATION_LEVEL = 0;
				GCC_PREPROCESSOR_DEFINITIONS = (
					"DEBUG=1",
					"$(inherited)",
				);
				GCC_WARN_64_TO_32_BIT_CONVERSION = YES;
				GCC_WARN_ABOUT_RETURN_TYPE = YES_ERROR;
				GCC_WARN_UNDECLARED_SELECTOR = YES;
				GCC_WARN_UNINITIALIZED_AUTOS = YES_AGGRESSIVE;
				GCC_WARN_UNUSED_FUNCTION = YES;
				GCC_WARN_UNUSED_VARIABLE = YES;
				IPHONEOS_DEPLOYMENT_TARGET = 15.0;
				MTL_ENABLE_DEBUG_INFO = INCLUDE_SOURCE;
				MTL_FAST_MATH = YES;
				ONLY_ACTIVE_ARCH = YES;
				SDKROOT = iphoneos;
				SWIFT_ACTIVE_COMPILATION_CONDITIONS = DEBUG;
				SWIFT_OPTIMIZATION_LEVEL = "-Onone";
			};
			name = Debug;
		};
		FE55062A2738F983006B523E /* Release */ = {
			isa = XCBuildConfiguration;
			buildSettings = {
				ALWAYS_SEARCH_USER_PATHS = NO;
				CLANG_ANALYZER_NONNULL = YES;
				CLANG_ANALYZER_NUMBER_OBJECT_CONVERSION = YES_AGGRESSIVE;
				CLANG_CXX_LANGUAGE_STANDARD = "gnu++17";
				CLANG_CXX_LIBRARY = "libc++";
				CLANG_ENABLE_MODULES = YES;
				CLANG_ENABLE_OBJC_ARC = YES;
				CLANG_ENABLE_OBJC_WEAK = YES;
				CLANG_WARN_BLOCK_CAPTURE_AUTORELEASING = YES;
				CLANG_WARN_BOOL_CONVERSION = YES;
				CLANG_WARN_COMMA = YES;
				CLANG_WARN_CONSTANT_CONVERSION = YES;
				CLANG_WARN_DEPRECATED_OBJC_IMPLEMENTATIONS = YES;
				CLANG_WARN_DIRECT_OBJC_ISA_USAGE = YES_ERROR;
				CLANG_WARN_DOCUMENTATION_COMMENTS = YES;
				CLANG_WARN_EMPTY_BODY = YES;
				CLANG_WARN_ENUM_CONVERSION = YES;
				CLANG_WARN_INFINITE_RECURSION = YES;
				CLANG_WARN_INT_CONVERSION = YES;
				CLANG_WARN_NON_LITERAL_NULL_CONVERSION = YES;
				CLANG_WARN_OBJC_IMPLICIT_RETAIN_SELF = YES;
				CLANG_WARN_OBJC_LITERAL_CONVERSION = YES;
				CLANG_WARN_OBJC_ROOT_CLASS = YES_ERROR;
				CLANG_WARN_QUOTED_INCLUDE_IN_FRAMEWORK_HEADER = YES;
				CLANG_WARN_RANGE_LOOP_ANALYSIS = YES;
				CLANG_WARN_STRICT_PROTOTYPES = YES;
				CLANG_WARN_SUSPICIOUS_MOVE = YES;
				CLANG_WARN_UNGUARDED_AVAILABILITY = YES_AGGRESSIVE;
				CLANG_WARN_UNREACHABLE_CODE = YES;
				CLANG_WARN__DUPLICATE_METHOD_MATCH = YES;
				COPY_PHASE_STRIP = NO;
				DEBUG_INFORMATION_FORMAT = "dwarf-with-dsym";
				ENABLE_NS_ASSERTIONS = NO;
				ENABLE_STRICT_OBJC_MSGSEND = YES;
				GCC_C_LANGUAGE_STANDARD = gnu11;
				GCC_NO_COMMON_BLOCKS = YES;
				GCC_WARN_64_TO_32_BIT_CONVERSION = YES;
				GCC_WARN_ABOUT_RETURN_TYPE = YES_ERROR;
				GCC_WARN_UNDECLARED_SELECTOR = YES;
				GCC_WARN_UNINITIALIZED_AUTOS = YES_AGGRESSIVE;
				GCC_WARN_UNUSED_FUNCTION = YES;
				GCC_WARN_UNUSED_VARIABLE = YES;
				IPHONEOS_DEPLOYMENT_TARGET = 15.0;
				MTL_ENABLE_DEBUG_INFO = NO;
				MTL_FAST_MATH = YES;
				SDKROOT = iphoneos;
				SWIFT_COMPILATION_MODE = wholemodule;
				SWIFT_OPTIMIZATION_LEVEL = "-O";
				VALIDATE_PRODUCT = YES;
			};
			name = Release;
		};
		FE55062C2738F983006B523E /* Debug */ = {
			isa = XCBuildConfiguration;
			buildSettings = {
				ASSETCATALOG_COMPILER_APPICON_NAME = AppIcon;
				ASSETCATALOG_COMPILER_GLOBAL_ACCENT_COLOR_NAME = AccentColor;
				CODE_SIGN_STYLE = Automatic;
				CURRENT_PROJECT_VERSION = 1;
				DEVELOPMENT_TEAM = NNJ9X2K872;
				GENERATE_INFOPLIST_FILE = YES;
				INFOPLIST_FILE = MemoApp/Info.plist;
				INFOPLIST_KEY_UIApplicationSupportsIndirectInputEvents = YES;
				INFOPLIST_KEY_UILaunchStoryboardName = LaunchScreen;
				INFOPLIST_KEY_UIMainStoryboardFile = Main;
				INFOPLIST_KEY_UISupportedInterfaceOrientations_iPad = "UIInterfaceOrientationPortrait UIInterfaceOrientationPortraitUpsideDown UIInterfaceOrientationLandscapeLeft UIInterfaceOrientationLandscapeRight";
				INFOPLIST_KEY_UISupportedInterfaceOrientations_iPhone = "UIInterfaceOrientationPortrait UIInterfaceOrientationLandscapeLeft UIInterfaceOrientationLandscapeRight";
				IPHONEOS_DEPLOYMENT_TARGET = 13.0;
				LD_RUNPATH_SEARCH_PATHS = (
					"$(inherited)",
					"@executable_path/Frameworks",
				);
				MARKETING_VERSION = 1.0;
				PRODUCT_BUNDLE_IDENTIFIER = com.Hoo.MemoApp;
				PRODUCT_NAME = "$(TARGET_NAME)";
				SWIFT_EMIT_LOC_STRINGS = YES;
				SWIFT_VERSION = 5.0;
				TARGETED_DEVICE_FAMILY = 1;
			};
			name = Debug;
		};
		FE55062D2738F983006B523E /* Release */ = {
			isa = XCBuildConfiguration;
			buildSettings = {
				ASSETCATALOG_COMPILER_APPICON_NAME = AppIcon;
				ASSETCATALOG_COMPILER_GLOBAL_ACCENT_COLOR_NAME = AccentColor;
				CODE_SIGN_STYLE = Automatic;
				CURRENT_PROJECT_VERSION = 1;
				DEVELOPMENT_TEAM = NNJ9X2K872;
				GENERATE_INFOPLIST_FILE = YES;
				INFOPLIST_FILE = MemoApp/Info.plist;
				INFOPLIST_KEY_UIApplicationSupportsIndirectInputEvents = YES;
				INFOPLIST_KEY_UILaunchStoryboardName = LaunchScreen;
				INFOPLIST_KEY_UIMainStoryboardFile = Main;
				INFOPLIST_KEY_UISupportedInterfaceOrientations_iPad = "UIInterfaceOrientationPortrait UIInterfaceOrientationPortraitUpsideDown UIInterfaceOrientationLandscapeLeft UIInterfaceOrientationLandscapeRight";
				INFOPLIST_KEY_UISupportedInterfaceOrientations_iPhone = "UIInterfaceOrientationPortrait UIInterfaceOrientationLandscapeLeft UIInterfaceOrientationLandscapeRight";
				IPHONEOS_DEPLOYMENT_TARGET = 13.0;
				LD_RUNPATH_SEARCH_PATHS = (
					"$(inherited)",
					"@executable_path/Frameworks",
				);
				MARKETING_VERSION = 1.0;
				PRODUCT_BUNDLE_IDENTIFIER = com.Hoo.MemoApp;
				PRODUCT_NAME = "$(TARGET_NAME)";
				SWIFT_EMIT_LOC_STRINGS = YES;
				SWIFT_VERSION = 5.0;
				TARGETED_DEVICE_FAMILY = 1;
			};
			name = Release;
		};
/* End XCBuildConfiguration section */

/* Begin XCConfigurationList section */
		FE5506122738F981006B523E /* Build configuration list for PBXProject "MemoApp" */ = {
			isa = XCConfigurationList;
			buildConfigurations = (
				FE5506292738F983006B523E /* Debug */,
				FE55062A2738F983006B523E /* Release */,
			);
			defaultConfigurationIsVisible = 0;
			defaultConfigurationName = Release;
		};
		FE55062B2738F983006B523E /* Build configuration list for PBXNativeTarget "MemoApp" */ = {
			isa = XCConfigurationList;
			buildConfigurations = (
				FE55062C2738F983006B523E /* Debug */,
				FE55062D2738F983006B523E /* Release */,
			);
			defaultConfigurationIsVisible = 0;
			defaultConfigurationName = Release;
		};
/* End XCConfigurationList section */

/* Begin XCRemoteSwiftPackageReference section */
		FE55063F273A5D52006B523E /* XCRemoteSwiftPackageReference "realm-cocoa" */ = {
			isa = XCRemoteSwiftPackageReference;
			repositoryURL = "https://github.com/realm/realm-cocoa.git";
			requirement = {
				kind = exactVersion;
				version = 10.18.0;
			};
		};
/* End XCRemoteSwiftPackageReference section */

/* Begin XCSwiftPackageProductDependency section */
		FE550640273A5D52006B523E /* Realm */ = {
			isa = XCSwiftPackageProductDependency;
			package = FE55063F273A5D52006B523E /* XCRemoteSwiftPackageReference "realm-cocoa" */;
			productName = Realm;
		};
		FE550642273A5D52006B523E /* RealmSwift */ = {
			isa = XCSwiftPackageProductDependency;
			package = FE55063F273A5D52006B523E /* XCRemoteSwiftPackageReference "realm-cocoa" */;
			productName = RealmSwift;
		};
/* End XCSwiftPackageProductDependency section */
	};
	rootObject = FE55060F2738F981006B523E /* Project object */;
}
